// !$*UTF8*$!
{
	archiveVersion = 1;
	classes = {
	};
	objectVersion = 77;
	objects = {

/* Begin PBXBuildFile section */
		C41604CA2EAC3885005B0565 /* ConfigurationManager.swift in Sources */ = {isa = PBXBuildFile; fileRef = C41604BD2EAC3885005B0565 /* ConfigurationManager.swift */; };
		C41604D12EAC3885005B0565 /* README.md in Resources */ = {isa = PBXBuildFile; fileRef = C41604BE2EAC3885005B0565 /* README.md */; };
		C41604D52EAC3885005B0565 /* README.md in Resources */ = {isa = PBXBuildFile; fileRef = C41604BE2EAC3885005B0565 /* README.md */; };
		C41604D92EAC3885005B0565 /* ConfigurationManager.swift in Sources */ = {isa = PBXBuildFile; fileRef = C41604BD2EAC3885005B0565 /* ConfigurationManager.swift */; };
		C41605262EAD5463005B0565 /* GoogleService-Info-Template.plist in Resources */ = {isa = PBXBuildFile; fileRef = C41605252EAD5463005B0565 /* GoogleService-Info-Template.plist */; };
		C4541D4A2EBAA6F3007373B9 /* InfoPlist.xcstrings in Resources */ = {isa = PBXBuildFile; fileRef = C4541D492EBAA6F3007373B9 /* InfoPlist.xcstrings */; };
		C45A43912EA9924500B02366 /* Localizable.xcstrings in Resources */ = {isa = PBXBuildFile; fileRef = C45A43902EA9924500B02366 /* Localizable.xcstrings */; };
		C4CBDA822EA9BBE80067E5B3 /* FirebaseAuth in Frameworks */ = {isa = PBXBuildFile; productRef = C4CBDA812EA9BBE80067E5B3 /* FirebaseAuth */; };
		C4CBDA842EA9BBE80067E5B3 /* FirebaseFirestore in Frameworks */ = {isa = PBXBuildFile; productRef = C4CBDA832EA9BBE80067E5B3 /* FirebaseFirestore */; };
		C4CBDA862EA9BBE80067E5B3 /* FirebaseStorage in Frameworks */ = {isa = PBXBuildFile; productRef = C4CBDA852EA9BBE80067E5B3 /* FirebaseStorage */; };
		C4CBDA882EA9BC2F0067E5B3 /* GoogleService-Info.plist in Resources */ = {isa = PBXBuildFile; fileRef = C4CBDA872EA9BC2F0067E5B3 /* GoogleService-Info.plist */; };
		C4CBDA962EAADD510067E5B3 /* CLAUDE_CONTEXT.md in Resources */ = {isa = PBXBuildFile; fileRef = C4CBDA952EAADD510067E5B3 /* CLAUDE_CONTEXT.md */; };
		C4FC215F2EAC361100424E05 /* .gitignore in Resources */ = {isa = PBXBuildFile; fileRef = C4FC215E2EAC361100424E05 /* .gitignore */; };
/* End PBXBuildFile section */

/* Begin PBXContainerItemProxy section */
		C4CE8A5F2EA6E43D00C8A3DF /* PBXContainerItemProxy */ = {
			isa = PBXContainerItemProxy;
			containerPortal = C4CE8A472EA6E43B00C8A3DF /* Project object */;
			proxyType = 1;
			remoteGlobalIDString = C4CE8A4E2EA6E43B00C8A3DF;
			remoteInfo = ProfessionalPortfolio;
		};
		C4CE8A692EA6E43D00C8A3DF /* PBXContainerItemProxy */ = {
			isa = PBXContainerItemProxy;
			containerPortal = C4CE8A472EA6E43B00C8A3DF /* Project object */;
			proxyType = 1;
			remoteGlobalIDString = C4CE8A4E2EA6E43B00C8A3DF;
			remoteInfo = ProfessionalPortfolio;
		};
/* End PBXContainerItemProxy section */

/* Begin PBXFileReference section */
		C41604BD2EAC3885005B0565 /* ConfigurationManager.swift */ = {isa = PBXFileReference; lastKnownFileType = sourcecode.swift; path = ConfigurationManager.swift; sourceTree = "<group>"; };
		C41604BE2EAC3885005B0565 /* README.md */ = {isa = PBXFileReference; lastKnownFileType = net.daringfireball.markdown; path = README.md; sourceTree = "<group>"; };
		C41605252EAD5463005B0565 /* GoogleService-Info-Template.plist */ = {isa = PBXFileReference; lastKnownFileType = text.plist.xml; path = "GoogleService-Info-Template.plist"; sourceTree = "<group>"; };
		C4541D492EBAA6F3007373B9 /* InfoPlist.xcstrings */ = {isa = PBXFileReference; lastKnownFileType = text.json.xcstrings; path = InfoPlist.xcstrings; sourceTree = "<group>"; };
		C45A43902EA9924500B02366 /* Localizable.xcstrings */ = {isa = PBXFileReference; lastKnownFileType = text.json.xcstrings; path = Localizable.xcstrings; sourceTree = "<group>"; };
		C4CBDA872EA9BC2F0067E5B3 /* GoogleService-Info.plist */ = {isa = PBXFileReference; lastKnownFileType = text.plist.xml; path = "GoogleService-Info.plist"; sourceTree = "<group>"; };
		C4CBDA952EAADD510067E5B3 /* CLAUDE_CONTEXT.md */ = {isa = PBXFileReference; lastKnownFileType = net.daringfireball.markdown; path = CLAUDE_CONTEXT.md; sourceTree = "<group>"; };
		C4CE8A4F2EA6E43B00C8A3DF /* ProfessionalPortfolio.app */ = {isa = PBXFileReference; explicitFileType = wrapper.application; includeInIndex = 0; path = ProfessionalPortfolio.app; sourceTree = BUILT_PRODUCTS_DIR; };
		C4CE8A5E2EA6E43D00C8A3DF /* ProfessionalPortfolioTests.xctest */ = {isa = PBXFileReference; explicitFileType = wrapper.cfbundle; includeInIndex = 0; path = ProfessionalPortfolioTests.xctest; sourceTree = BUILT_PRODUCTS_DIR; };
		C4CE8A682EA6E43D00C8A3DF /* ProfessionalPortfolioUITests.xctest */ = {isa = PBXFileReference; explicitFileType = wrapper.cfbundle; includeInIndex = 0; path = ProfessionalPortfolioUITests.xctest; sourceTree = BUILT_PRODUCTS_DIR; };
		C4FC215E2EAC361100424E05 /* .gitignore */ = {isa = PBXFileReference; lastKnownFileType = text; path = .gitignore; sourceTree = "<group>"; };
/* End PBXFileReference section */

/* Begin PBXFileSystemSynchronizedBuildFileExceptionSet section */
		C416054F2EAD8927005B0565 /* Exceptions for "ProfessionalPortfolioUITests" folder in "ProfessionalPortfolioUITests" target */ = {
			isa = PBXFileSystemSynchronizedBuildFileExceptionSet;
			membershipExceptions = (
				ProfessionalPortfolioUITests.swift,
				ProfessionalPortfolioUITestsLaunchTests.swift,
			);
			target = C4CE8A672EA6E43D00C8A3DF /* ProfessionalPortfolioUITests */;
		};
		C47014F92EAAE1D80030A3FA /* Exceptions for "DesignSystem" folder in "ProfessionalPortfolioUITests" target */ = {
			isa = PBXFileSystemSynchronizedBuildFileExceptionSet;
			membershipExceptions = (
				CustomButtonStyles.swift,
				CustomTheme.swift,
				CustomViewModifiers.swift,
				ErrorView.swift,
				InfoCard.swift,
				InlineErrorView.swift,
				LinkButton.swift,
				LinkIcon.swift,
				LoadingView.swift,
				ThemedTextField.swift,
			);
			target = C4CE8A672EA6E43D00C8A3DF /* ProfessionalPortfolioUITests */;
		};
		C476C84F2EA9755600C69AE1 /* Exceptions for "ProfessionalPortfolio" folder in "ProfessionalPortfolioUITests" target */ = {
			isa = PBXFileSystemSynchronizedBuildFileExceptionSet;
			membershipExceptions = (
				ProfessionalPortfolioDesignSystem.swift,
			);
			target = C4CE8A672EA6E43D00C8A3DF /* ProfessionalPortfolioUITests */;
		};
		C4ADC0E92EB2D28700D731E1 /* Exceptions for "ProfessionalPortfolio" folder in "ProfessionalPortfolio" target */ = {
			isa = PBXFileSystemSynchronizedBuildFileExceptionSet;
			membershipExceptions = (
				Info.plist,
			);
			target = C4CE8A4E2EA6E43B00C8A3DF /* ProfessionalPortfolio */;
		};
		C4CBDA9A2EAADF310067E5B3 /* Exceptions for "ProfessionalPortfolio" folder in "ProfessionalPortfolioTests" target */ = {
			isa = PBXFileSystemSynchronizedBuildFileExceptionSet;
			membershipExceptions = (
				Authentication/AuthenticationService.swift,
				Authentication/AuthenticationViewModel.swift,
			);
			target = C4CE8A5D2EA6E43D00C8A3DF /* ProfessionalPortfolioTests */;
		};
/* End PBXFileSystemSynchronizedBuildFileExceptionSet section */

/* Begin PBXFileSystemSynchronizedRootGroup section */
		C45A43792EA9891600B02366 /* DesignSystem */ = {
			isa = PBXFileSystemSynchronizedRootGroup;
			exceptions = (
				C47014F92EAAE1D80030A3FA /* Exceptions for "DesignSystem" folder in "ProfessionalPortfolioUITests" target */,
			);
			path = DesignSystem;
			sourceTree = "<group>";
		};
		C4CE8A512EA6E43B00C8A3DF /* ProfessionalPortfolio */ = {
			isa = PBXFileSystemSynchronizedRootGroup;
			exceptions = (
				C4ADC0E92EB2D28700D731E1 /* Exceptions for "ProfessionalPortfolio" folder in "ProfessionalPortfolio" target */,
				C4CBDA9A2EAADF310067E5B3 /* Exceptions for "ProfessionalPortfolio" folder in "ProfessionalPortfolioTests" target */,
				C476C84F2EA9755600C69AE1 /* Exceptions for "ProfessionalPortfolio" folder in "ProfessionalPortfolioUITests" target */,
			);
			path = ProfessionalPortfolio;
			sourceTree = "<group>";
		};
		C4CE8A612EA6E43D00C8A3DF /* ProfessionalPortfolioTests */ = {
			isa = PBXFileSystemSynchronizedRootGroup;
			path = ProfessionalPortfolioTests;
			sourceTree = "<group>";
		};
		C4CE8A6B2EA6E43D00C8A3DF /* ProfessionalPortfolioUITests */ = {
			isa = PBXFileSystemSynchronizedRootGroup;
			exceptions = (
				C416054F2EAD8927005B0565 /* Exceptions for "ProfessionalPortfolioUITests" folder in "ProfessionalPortfolioUITests" target */,
			);
			path = ProfessionalPortfolioUITests;
			sourceTree = "<group>";
		};
/* End PBXFileSystemSynchronizedRootGroup section */

/* Begin PBXFrameworksBuildPhase section */
		C4CE8A4C2EA6E43B00C8A3DF /* Frameworks */ = {
			isa = PBXFrameworksBuildPhase;
			buildActionMask = 2147483647;
			files = (
				C4CBDA822EA9BBE80067E5B3 /* FirebaseAuth in Frameworks */,
				C4CBDA842EA9BBE80067E5B3 /* FirebaseFirestore in Frameworks */,
				C4CBDA862EA9BBE80067E5B3 /* FirebaseStorage in Frameworks */,
			);
			runOnlyForDeploymentPostprocessing = 0;
		};
		C4CE8A5B2EA6E43D00C8A3DF /* Frameworks */ = {
			isa = PBXFrameworksBuildPhase;
			buildActionMask = 2147483647;
			files = (
			);
			runOnlyForDeploymentPostprocessing = 0;
		};
		C4CE8A652EA6E43D00C8A3DF /* Frameworks */ = {
			isa = PBXFrameworksBuildPhase;
			buildActionMask = 2147483647;
			files = (
			);
			runOnlyForDeploymentPostprocessing = 0;
		};
/* End PBXFrameworksBuildPhase section */

/* Begin PBXGroup section */
		C4CE8A462EA6E43B00C8A3DF = {
			isa = PBXGroup;
			children = (
				C4CBDA952EAADD510067E5B3 /* CLAUDE_CONTEXT.md */,
				C45A43902EA9924500B02366 /* Localizable.xcstrings */,
				C4541D492EBAA6F3007373B9 /* InfoPlist.xcstrings */,
				C45A43792EA9891600B02366 /* DesignSystem */,
				C4CE8A512EA6E43B00C8A3DF /* ProfessionalPortfolio */,
				C4CE8A612EA6E43D00C8A3DF /* ProfessionalPortfolioTests */,
				C4CE8A6B2EA6E43D00C8A3DF /* ProfessionalPortfolioUITests */,
				C4CE8A502EA6E43B00C8A3DF /* Products */,
				C4CBDA872EA9BC2F0067E5B3 /* GoogleService-Info.plist */,
				C4FC215E2EAC361100424E05 /* .gitignore */,
				C41604BD2EAC3885005B0565 /* ConfigurationManager.swift */,
				C41604BE2EAC3885005B0565 /* README.md */,
				C41605252EAD5463005B0565 /* GoogleService-Info-Template.plist */,
			);
			sourceTree = "<group>";
		};
		C4CE8A502EA6E43B00C8A3DF /* Products */ = {
			isa = PBXGroup;
			children = (
				C4CE8A4F2EA6E43B00C8A3DF /* ProfessionalPortfolio.app */,
				C4CE8A5E2EA6E43D00C8A3DF /* ProfessionalPortfolioTests.xctest */,
				C4CE8A682EA6E43D00C8A3DF /* ProfessionalPortfolioUITests.xctest */,
			);
			name = Products;
			sourceTree = "<group>";
		};
/* End PBXGroup section */

/* Begin PBXNativeTarget section */
		C4CE8A4E2EA6E43B00C8A3DF /* ProfessionalPortfolio */ = {
			isa = PBXNativeTarget;
			buildConfigurationList = C4CE8A722EA6E43E00C8A3DF /* Build configuration list for PBXNativeTarget "ProfessionalPortfolio" */;
			buildPhases = (
				C4CE8A4B2EA6E43B00C8A3DF /* Sources */,
				C4CE8A4C2EA6E43B00C8A3DF /* Frameworks */,
				C49CC46C2EBE584C00FCA0C7 /* Generate dSYMs for Binary Frameworks */,
				C4CE8A4D2EA6E43B00C8A3DF /* Resources */,
			);
			buildRules = (
			);
			dependencies = (
			);
			fileSystemSynchronizedGroups = (
				C45A43792EA9891600B02366 /* DesignSystem */,
				C4CE8A512EA6E43B00C8A3DF /* ProfessionalPortfolio */,
			);
			name = ProfessionalPortfolio;
			packageProductDependencies = (
				C4CBDA812EA9BBE80067E5B3 /* FirebaseAuth */,
				C4CBDA832EA9BBE80067E5B3 /* FirebaseFirestore */,
				C4CBDA852EA9BBE80067E5B3 /* FirebaseStorage */,
			);
			productName = ProfessionalPortfolio;
			productReference = C4CE8A4F2EA6E43B00C8A3DF /* ProfessionalPortfolio.app */;
			productType = "com.apple.product-type.application";
		};
		C4CE8A5D2EA6E43D00C8A3DF /* ProfessionalPortfolioTests */ = {
			isa = PBXNativeTarget;
			buildConfigurationList = C4CE8A752EA6E43E00C8A3DF /* Build configuration list for PBXNativeTarget "ProfessionalPortfolioTests" */;
			buildPhases = (
				C4CE8A5A2EA6E43D00C8A3DF /* Sources */,
				C4CE8A5B2EA6E43D00C8A3DF /* Frameworks */,
				C4CE8A5C2EA6E43D00C8A3DF /* Resources */,
			);
			buildRules = (
			);
			dependencies = (
				C4CE8A602EA6E43D00C8A3DF /* PBXTargetDependency */,
			);
			fileSystemSynchronizedGroups = (
				C4CE8A612EA6E43D00C8A3DF /* ProfessionalPortfolioTests */,
			);
			name = ProfessionalPortfolioTests;
			packageProductDependencies = (
			);
			productName = ProfessionalPortfolioTests;
			productReference = C4CE8A5E2EA6E43D00C8A3DF /* ProfessionalPortfolioTests.xctest */;
			productType = "com.apple.product-type.bundle.unit-test";
		};
		C4CE8A672EA6E43D00C8A3DF /* ProfessionalPortfolioUITests */ = {
			isa = PBXNativeTarget;
			buildConfigurationList = C4CE8A782EA6E43E00C8A3DF /* Build configuration list for PBXNativeTarget "ProfessionalPortfolioUITests" */;
			buildPhases = (
				C4CE8A642EA6E43D00C8A3DF /* Sources */,
				C4CE8A652EA6E43D00C8A3DF /* Frameworks */,
				C4CE8A662EA6E43D00C8A3DF /* Resources */,
			);
			buildRules = (
			);
			dependencies = (
				C4CE8A6A2EA6E43D00C8A3DF /* PBXTargetDependency */,
			);
			fileSystemSynchronizedGroups = (
				C4CE8A6B2EA6E43D00C8A3DF /* ProfessionalPortfolioUITests */,
			);
			name = ProfessionalPortfolioUITests;
			packageProductDependencies = (
			);
			productName = ProfessionalPortfolioUITests;
			productReference = C4CE8A682EA6E43D00C8A3DF /* ProfessionalPortfolioUITests.xctest */;
			productType = "com.apple.product-type.bundle.ui-testing";
		};
/* End PBXNativeTarget section */

/* Begin PBXProject section */
		C4CE8A472EA6E43B00C8A3DF /* Project object */ = {
			isa = PBXProject;
			attributes = {
				BuildIndependentTargetsInParallel = 1;
				LastSwiftUpdateCheck = 2600;
				LastUpgradeCheck = 2610;
				TargetAttributes = {
					C4CE8A4E2EA6E43B00C8A3DF = {
						CreatedOnToolsVersion = 26.0.1;
					};
					C4CE8A5D2EA6E43D00C8A3DF = {
						CreatedOnToolsVersion = 26.0.1;
						TestTargetID = C4CE8A4E2EA6E43B00C8A3DF;
					};
					C4CE8A672EA6E43D00C8A3DF = {
						CreatedOnToolsVersion = 26.0.1;
						TestTargetID = C4CE8A4E2EA6E43B00C8A3DF;
					};
				};
			};
			buildConfigurationList = C4CE8A4A2EA6E43B00C8A3DF /* Build configuration list for PBXProject "ProfessionalPortfolio" */;
			developmentRegion = en;
			hasScannedForEncodings = 0;
			knownRegions = (
				en,
				Base,
				ja,
			);
			mainGroup = C4CE8A462EA6E43B00C8A3DF;
			minimizedProjectReferenceProxies = 1;
			packageReferences = (
				C4CBDA802EA9BBE80067E5B3 /* XCRemoteSwiftPackageReference "firebase-ios-sdk" */,
			);
			preferredProjectObjectVersion = 77;
			productRefGroup = C4CE8A502EA6E43B00C8A3DF /* Products */;
			projectDirPath = "";
			projectRoot = "";
			targets = (
				C4CE8A4E2EA6E43B00C8A3DF /* ProfessionalPortfolio */,
				C4CE8A5D2EA6E43D00C8A3DF /* ProfessionalPortfolioTests */,
				C4CE8A672EA6E43D00C8A3DF /* ProfessionalPortfolioUITests */,
			);
		};
/* End PBXProject section */

/* Begin PBXResourcesBuildPhase section */
		C4CE8A4D2EA6E43B00C8A3DF /* Resources */ = {
			isa = PBXResourcesBuildPhase;
			buildActionMask = 2147483647;
			files = (
				C4FC215F2EAC361100424E05 /* .gitignore in Resources */,
				C41605262EAD5463005B0565 /* GoogleService-Info-Template.plist in Resources */,
				C45A43912EA9924500B02366 /* Localizable.xcstrings in Resources */,
				C4CBDA962EAADD510067E5B3 /* CLAUDE_CONTEXT.md in Resources */,
				C4CBDA882EA9BC2F0067E5B3 /* GoogleService-Info.plist in Resources */,
				C4541D4A2EBAA6F3007373B9 /* InfoPlist.xcstrings in Resources */,
				C41604D12EAC3885005B0565 /* README.md in Resources */,
			);
			runOnlyForDeploymentPostprocessing = 0;
		};
		C4CE8A5C2EA6E43D00C8A3DF /* Resources */ = {
			isa = PBXResourcesBuildPhase;
			buildActionMask = 2147483647;
			files = (
				C41604D52EAC3885005B0565 /* README.md in Resources */,
			);
			runOnlyForDeploymentPostprocessing = 0;
		};
		C4CE8A662EA6E43D00C8A3DF /* Resources */ = {
			isa = PBXResourcesBuildPhase;
			buildActionMask = 2147483647;
			files = (
			);
			runOnlyForDeploymentPostprocessing = 0;
		};
/* End PBXResourcesBuildPhase section */

/* Begin PBXShellScriptBuildPhase section */
		C49CC46C2EBE584C00FCA0C7 /* Generate dSYMs for Binary Frameworks */ = {
			isa = PBXShellScriptBuildPhase;
			alwaysOutOfDate = 1;
			buildActionMask = 8;
			files = (
			);
			inputFileListPaths = (
			);
			inputPaths = (
			);
			name = "Generate dSYMs for Binary Frameworks";
			outputFileListPaths = (
			);
			outputPaths = (
				"$(DWARF_DSYM_FOLDER_PATH)/FirebaseFirestoreInternal.framework.dSYM",
				"$(DWARF_DSYM_FOLDER_PATH)/absl.framework.dSYM",
				"$(DWARF_DSYM_FOLDER_PATH)/grpc.framework.dSYM",
				"$(DWARF_DSYM_FOLDER_PATH)/grpcpp.framework.dSYM",
				"$(DWARF_DSYM_FOLDER_PATH)/openssl_grpc.framework.dSYM",
			);
			runOnlyForDeploymentPostprocessing = 1;
			shellPath = /bin/sh;
			shellScript = "#!/bin/bash\n\nset -e\n\nif [ \"${CONFIGURATION}\" != \"Release\" ]; then\n    exit 0\nfi\n\nFRAMEWORKS=(\n    \"FirebaseFirestoreInternal\"\n    \"absl\"\n    \"grpc\"\n    \"grpcpp\"\n    \"openssl_grpc\"\n)\n\nFRAMEWORKS_PATH=\"${BUILT_PRODUCTS_DIR}/${FRAMEWORKS_FOLDER_PATH}\"\nmkdir -p \"${DWARF_DSYM_FOLDER_PATH}\"\n\necho \"Generating dSYMs with dsymutil...\"\n\nfor FRAMEWORK_NAME in \"${FRAMEWORKS[@]}\"; do\n    FRAMEWORK_BINARY=\"${FRAMEWORKS_PATH}/${FRAMEWORK_NAME}.framework/${FRAMEWORK_NAME}\"\n    \n    if [ ! -f \"${FRAMEWORK_BINARY}\" ]; then\n        echo \"⚠️  Framework not found: ${FRAMEWORK_NAME}\"\n        continue\n    fi\n    \n    DSYM_PATH=\"${DWARF_DSYM_FOLDER_PATH}/${FRAMEWORK_NAME}.framework.dSYM\"\n    \n    # Remove existing dSYM if present\n    rm -rf \"${DSYM_PATH}\"\n    \n    # Use dsymutil to generate from the binary\n    # Use --flat to avoid UUID mismatches\n    if dsymutil --flat \"${FRAMEWORK_BINARY}\" -o \"${DSYM_PATH}\" 2>&1 | grep -v \"warning: no debug symbols\"; then\n        echo \"✓ Generated dSYM for ${FRAMEWORK_NAME}\"\n    else\n        echo \"⚠️  dsymutil had no symbols for ${FRAMEWORK_NAME}\"\n    fi\ndone\n\necho \"Done\"\n";
		};
/* End PBXShellScriptBuildPhase section */

/* Begin PBXSourcesBuildPhase section */
		C4CE8A4B2EA6E43B00C8A3DF /* Sources */ = {
			isa = PBXSourcesBuildPhase;
			buildActionMask = 2147483647;
			files = (
				C41604CA2EAC3885005B0565 /* ConfigurationManager.swift in Sources */,
			);
			runOnlyForDeploymentPostprocessing = 0;
		};
		C4CE8A5A2EA6E43D00C8A3DF /* Sources */ = {
			isa = PBXSourcesBuildPhase;
			buildActionMask = 2147483647;
			files = (
				C41604D92EAC3885005B0565 /* ConfigurationManager.swift in Sources */,
			);
			runOnlyForDeploymentPostprocessing = 0;
		};
		C4CE8A642EA6E43D00C8A3DF /* Sources */ = {
			isa = PBXSourcesBuildPhase;
			buildActionMask = 2147483647;
			files = (
			);
			runOnlyForDeploymentPostprocessing = 0;
		};
/* End PBXSourcesBuildPhase section */

/* Begin PBXTargetDependency section */
		C4CE8A602EA6E43D00C8A3DF /* PBXTargetDependency */ = {
			isa = PBXTargetDependency;
			target = C4CE8A4E2EA6E43B00C8A3DF /* ProfessionalPortfolio */;
			targetProxy = C4CE8A5F2EA6E43D00C8A3DF /* PBXContainerItemProxy */;
		};
		C4CE8A6A2EA6E43D00C8A3DF /* PBXTargetDependency */ = {
			isa = PBXTargetDependency;
			target = C4CE8A4E2EA6E43B00C8A3DF /* ProfessionalPortfolio */;
			targetProxy = C4CE8A692EA6E43D00C8A3DF /* PBXContainerItemProxy */;
		};
/* End PBXTargetDependency section */

/* Begin XCBuildConfiguration section */
		C4CE8A702EA6E43E00C8A3DF /* Debug */ = {
			isa = XCBuildConfiguration;
			buildSettings = {
				ALWAYS_SEARCH_USER_PATHS = NO;
				ASSETCATALOG_COMPILER_GENERATE_SWIFT_ASSET_SYMBOL_EXTENSIONS = YES;
				CLANG_ANALYZER_LOCALIZABILITY_NONLOCALIZED = YES;
				CLANG_ANALYZER_NONNULL = YES;
				CLANG_ANALYZER_NUMBER_OBJECT_CONVERSION = YES_AGGRESSIVE;
				CLANG_CXX_LANGUAGE_STANDARD = "gnu++20";
				CLANG_ENABLE_MODULES = YES;
				CLANG_ENABLE_OBJC_ARC = YES;
				CLANG_ENABLE_OBJC_WEAK = YES;
				CLANG_WARN_BLOCK_CAPTURE_AUTORELEASING = YES;
				CLANG_WARN_BOOL_CONVERSION = YES;
				CLANG_WARN_COMMA = YES;
				CLANG_WARN_CONSTANT_CONVERSION = YES;
				CLANG_WARN_DEPRECATED_OBJC_IMPLEMENTATIONS = YES;
				CLANG_WARN_DIRECT_OBJC_ISA_USAGE = YES_ERROR;
				CLANG_WARN_DOCUMENTATION_COMMENTS = YES;
				CLANG_WARN_EMPTY_BODY = YES;
				CLANG_WARN_ENUM_CONVERSION = YES;
				CLANG_WARN_INFINITE_RECURSION = YES;
				CLANG_WARN_INT_CONVERSION = YES;
				CLANG_WARN_NON_LITERAL_NULL_CONVERSION = YES;
				CLANG_WARN_OBJC_IMPLICIT_RETAIN_SELF = YES;
				CLANG_WARN_OBJC_LITERAL_CONVERSION = YES;
				CLANG_WARN_OBJC_ROOT_CLASS = YES_ERROR;
				CLANG_WARN_QUOTED_INCLUDE_IN_FRAMEWORK_HEADER = YES;
				CLANG_WARN_RANGE_LOOP_ANALYSIS = YES;
				CLANG_WARN_STRICT_PROTOTYPES = YES;
				CLANG_WARN_SUSPICIOUS_MOVE = YES;
				CLANG_WARN_UNGUARDED_AVAILABILITY = YES_AGGRESSIVE;
				CLANG_WARN_UNREACHABLE_CODE = YES;
				CLANG_WARN__DUPLICATE_METHOD_MATCH = YES;
				COPY_PHASE_STRIP = NO;
				DEBUG_INFORMATION_FORMAT = dwarf;
				DEVELOPMENT_TEAM = D77H469HEK;
				ENABLE_STRICT_OBJC_MSGSEND = YES;
				ENABLE_TESTABILITY = YES;
				ENABLE_USER_SCRIPT_SANDBOXING = YES;
				GCC_C_LANGUAGE_STANDARD = gnu17;
				GCC_DYNAMIC_NO_PIC = NO;
				GCC_NO_COMMON_BLOCKS = YES;
				GCC_OPTIMIZATION_LEVEL = 0;
				GCC_PREPROCESSOR_DEFINITIONS = (
					"DEBUG=1",
					"$(inherited)",
				);
				GCC_WARN_64_TO_32_BIT_CONVERSION = YES;
				GCC_WARN_ABOUT_RETURN_TYPE = YES_ERROR;
				GCC_WARN_UNDECLARED_SELECTOR = YES;
				GCC_WARN_UNINITIALIZED_AUTOS = YES_AGGRESSIVE;
				GCC_WARN_UNUSED_FUNCTION = YES;
				GCC_WARN_UNUSED_VARIABLE = YES;
				IPHONEOS_DEPLOYMENT_TARGET = 26.0;
				LOCALIZATION_PREFERS_STRING_CATALOGS = YES;
				MTL_ENABLE_DEBUG_INFO = INCLUDE_SOURCE;
				MTL_FAST_MATH = YES;
				ONLY_ACTIVE_ARCH = YES;
				SDKROOT = iphoneos;
				STRING_CATALOG_GENERATE_SYMBOLS = YES;
				SWIFT_ACTIVE_COMPILATION_CONDITIONS = "DEBUG $(inherited)";
				SWIFT_EMIT_LOC_STRINGS = YES;
				SWIFT_OPTIMIZATION_LEVEL = "-Onone";
			};
			name = Debug;
		};
		C4CE8A712EA6E43E00C8A3DF /* Release */ = {
			isa = XCBuildConfiguration;
			buildSettings = {
				ALWAYS_SEARCH_USER_PATHS = NO;
				ASSETCATALOG_COMPILER_GENERATE_SWIFT_ASSET_SYMBOL_EXTENSIONS = YES;
				CLANG_ANALYZER_LOCALIZABILITY_NONLOCALIZED = YES;
				CLANG_ANALYZER_NONNULL = YES;
				CLANG_ANALYZER_NUMBER_OBJECT_CONVERSION = YES_AGGRESSIVE;
				CLANG_CXX_LANGUAGE_STANDARD = "gnu++20";
				CLANG_ENABLE_MODULES = YES;
				CLANG_ENABLE_OBJC_ARC = YES;
				CLANG_ENABLE_OBJC_WEAK = YES;
				CLANG_WARN_BLOCK_CAPTURE_AUTORELEASING = YES;
				CLANG_WARN_BOOL_CONVERSION = YES;
				CLANG_WARN_COMMA = YES;
				CLANG_WARN_CONSTANT_CONVERSION = YES;
				CLANG_WARN_DEPRECATED_OBJC_IMPLEMENTATIONS = YES;
				CLANG_WARN_DIRECT_OBJC_ISA_USAGE = YES_ERROR;
				CLANG_WARN_DOCUMENTATION_COMMENTS = YES;
				CLANG_WARN_EMPTY_BODY = YES;
				CLANG_WARN_ENUM_CONVERSION = YES;
				CLANG_WARN_INFINITE_RECURSION = YES;
				CLANG_WARN_INT_CONVERSION = YES;
				CLANG_WARN_NON_LITERAL_NULL_CONVERSION = YES;
				CLANG_WARN_OBJC_IMPLICIT_RETAIN_SELF = YES;
				CLANG_WARN_OBJC_LITERAL_CONVERSION = YES;
				CLANG_WARN_OBJC_ROOT_CLASS = YES_ERROR;
				CLANG_WARN_QUOTED_INCLUDE_IN_FRAMEWORK_HEADER = YES;
				CLANG_WARN_RANGE_LOOP_ANALYSIS = YES;
				CLANG_WARN_STRICT_PROTOTYPES = YES;
				CLANG_WARN_SUSPICIOUS_MOVE = YES;
				CLANG_WARN_UNGUARDED_AVAILABILITY = YES_AGGRESSIVE;
				CLANG_WARN_UNREACHABLE_CODE = YES;
				CLANG_WARN__DUPLICATE_METHOD_MATCH = YES;
				COPY_PHASE_STRIP = NO;
				DEBUG_INFORMATION_FORMAT = "dwarf-with-dsym";
				DEVELOPMENT_TEAM = D77H469HEK;
				ENABLE_NS_ASSERTIONS = NO;
				ENABLE_STRICT_OBJC_MSGSEND = YES;
				ENABLE_USER_SCRIPT_SANDBOXING = YES;
				GCC_C_LANGUAGE_STANDARD = gnu17;
				GCC_NO_COMMON_BLOCKS = YES;
				GCC_WARN_64_TO_32_BIT_CONVERSION = YES;
				GCC_WARN_ABOUT_RETURN_TYPE = YES_ERROR;
				GCC_WARN_UNDECLARED_SELECTOR = YES;
				GCC_WARN_UNINITIALIZED_AUTOS = YES_AGGRESSIVE;
				GCC_WARN_UNUSED_FUNCTION = YES;
				GCC_WARN_UNUSED_VARIABLE = YES;
				IPHONEOS_DEPLOYMENT_TARGET = 26.0;
				LOCALIZATION_PREFERS_STRING_CATALOGS = YES;
				MTL_ENABLE_DEBUG_INFO = NO;
				MTL_FAST_MATH = YES;
				SDKROOT = iphoneos;
				STRING_CATALOG_GENERATE_SYMBOLS = YES;
				SWIFT_COMPILATION_MODE = wholemodule;
				SWIFT_EMIT_LOC_STRINGS = YES;
				VALIDATE_PRODUCT = YES;
			};
			name = Release;
		};
		C4CE8A732EA6E43E00C8A3DF /* Debug */ = {
			isa = XCBuildConfiguration;
			buildSettings = {
				ASSETCATALOG_COMPILER_APPICON_NAME = AppIcon;
				ASSETCATALOG_COMPILER_GLOBAL_ACCENT_COLOR_NAME = AccentColor;
				CODE_SIGN_STYLE = Automatic;
				CURRENT_PROJECT_VERSION = 2;
				DEBUG_INFORMATION_FORMAT = dwarf;
				DEVELOPMENT_TEAM = D77H469HEK;
				ENABLE_PREVIEWS = YES;
				ENABLE_USER_SCRIPT_SANDBOXING = NO;
				GENERATE_INFOPLIST_FILE = YES;
				INFOPLIST_FILE = ProfessionalPortfolio/Info.plist;
				INFOPLIST_KEY_CFBundleDisplayName = SwiftFolio;
				INFOPLIST_KEY_LSApplicationCategoryType = "";
				INFOPLIST_KEY_UIApplicationSceneManifest_Generation = YES;
				INFOPLIST_KEY_UIApplicationSupportsIndirectInputEvents = YES;
				INFOPLIST_KEY_UILaunchScreen_Generation = YES;
				INFOPLIST_KEY_UISupportedInterfaceOrientations_iPad = "UIInterfaceOrientationPortrait UIInterfaceOrientationPortraitUpsideDown UIInterfaceOrientationLandscapeLeft UIInterfaceOrientationLandscapeRight";
				INFOPLIST_KEY_UISupportedInterfaceOrientations_iPhone = "UIInterfaceOrientationPortrait UIInterfaceOrientationLandscapeLeft UIInterfaceOrientationLandscapeRight";
				IPHONEOS_DEPLOYMENT_TARGET = 17.6;
				LD_RUNPATH_SEARCH_PATHS = (
					"$(inherited)",
					"@executable_path/Frameworks",
				);
				MARKETING_VERSION = 1.0;
				PRODUCT_BUNDLE_IDENTIFIER = bmm.ProfessionalPortfolio;
				PRODUCT_NAME = "$(TARGET_NAME)";
				STRING_CATALOG_GENERATE_SYMBOLS = YES;
				SUPPORTED_PLATFORMS = "iphoneos iphonesimulator";
				SUPPORTS_MACCATALYST = NO;
				SUPPORTS_XR_DESIGNED_FOR_IPHONE_IPAD = NO;
				SWIFT_APPROACHABLE_CONCURRENCY = YES;
				SWIFT_DEFAULT_ACTOR_ISOLATION = MainActor;
				SWIFT_EMIT_LOC_STRINGS = YES;
				SWIFT_UPCOMING_FEATURE_MEMBER_IMPORT_VISIBILITY = YES;
				SWIFT_VERSION = 5.0;
				TARGETED_DEVICE_FAMILY = "1,2";
			};
			name = Debug;
		};
		C4CE8A742EA6E43E00C8A3DF /* Release */ = {
			isa = XCBuildConfiguration;
			buildSettings = {
				ASSETCATALOG_COMPILER_APPICON_NAME = AppIcon;
				ASSETCATALOG_COMPILER_GLOBAL_ACCENT_COLOR_NAME = AccentColor;
				CODE_SIGN_STYLE = Automatic;
				CURRENT_PROJECT_VERSION = 2;
				DEVELOPMENT_TEAM = D77H469HEK;
				ENABLE_PREVIEWS = YES;
				ENABLE_USER_SCRIPT_SANDBOXING = NO;
				GENERATE_INFOPLIST_FILE = YES;
				INFOPLIST_FILE = ProfessionalPortfolio/Info.plist;
				INFOPLIST_KEY_CFBundleDisplayName = SwiftFolio;
				INFOPLIST_KEY_LSApplicationCategoryType = "";
				INFOPLIST_KEY_UIApplicationSceneManifest_Generation = YES;
				INFOPLIST_KEY_UIApplicationSupportsIndirectInputEvents = YES;
				INFOPLIST_KEY_UILaunchScreen_Generation = YES;
				INFOPLIST_KEY_UISupportedInterfaceOrientations_iPad = "UIInterfaceOrientationPortrait UIInterfaceOrientationPortraitUpsideDown UIInterfaceOrientationLandscapeLeft UIInterfaceOrientationLandscapeRight";
				INFOPLIST_KEY_UISupportedInterfaceOrientations_iPhone = "UIInterfaceOrientationPortrait UIInterfaceOrientationLandscapeLeft UIInterfaceOrientationLandscapeRight";
				IPHONEOS_DEPLOYMENT_TARGET = 17.6;
				LD_RUNPATH_SEARCH_PATHS = (
					"$(inherited)",
					"@executable_path/Frameworks",
				);
				MARKETING_VERSION = 1.0;
				PRODUCT_BUNDLE_IDENTIFIER = bmm.ProfessionalPortfolio;
				PRODUCT_NAME = "$(TARGET_NAME)";
				STRING_CATALOG_GENERATE_SYMBOLS = YES;
				SUPPORTED_PLATFORMS = "iphoneos iphonesimulator";
				SUPPORTS_MACCATALYST = NO;
				SUPPORTS_XR_DESIGNED_FOR_IPHONE_IPAD = NO;
				SWIFT_APPROACHABLE_CONCURRENCY = YES;
				SWIFT_DEFAULT_ACTOR_ISOLATION = MainActor;
				SWIFT_EMIT_LOC_STRINGS = YES;
				SWIFT_UPCOMING_FEATURE_MEMBER_IMPORT_VISIBILITY = YES;
				SWIFT_VERSION = 5.0;
				TARGETED_DEVICE_FAMILY = "1,2";
			};
			name = Release;
		};
		C4CE8A762EA6E43E00C8A3DF /* Debug */ = {
			isa = XCBuildConfiguration;
			buildSettings = {
				BUNDLE_LOADER = "$(TEST_HOST)";
				CODE_SIGN_STYLE = Automatic;
				CURRENT_PROJECT_VERSION = 1;
				DEVELOPMENT_TEAM = D77H469HEK;
				GENERATE_INFOPLIST_FILE = YES;
				IPHONEOS_DEPLOYMENT_TARGET = 26.0;
				MARKETING_VERSION = 1.0;
				PRODUCT_BUNDLE_IDENTIFIER = bmm.ProfessionalPortfolioTests;
				PRODUCT_NAME = "$(TARGET_NAME)";
				STRING_CATALOG_GENERATE_SYMBOLS = NO;
				SWIFT_APPROACHABLE_CONCURRENCY = YES;
				SWIFT_EMIT_LOC_STRINGS = NO;
				SWIFT_UPCOMING_FEATURE_MEMBER_IMPORT_VISIBILITY = YES;
				SWIFT_VERSION = 5.0;
				TARGETED_DEVICE_FAMILY = "1,2";
				TEST_HOST = "$(BUILT_PRODUCTS_DIR)/ProfessionalPortfolio.app/$(BUNDLE_EXECUTABLE_FOLDER_PATH)/ProfessionalPortfolio";
			};
			name = Debug;
		};
		C4CE8A772EA6E43E00C8A3DF /* Release */ = {
			isa = XCBuildConfiguration;
			buildSettings = {
				BUNDLE_LOADER = "$(TEST_HOST)";
				CODE_SIGN_STYLE = Automatic;
				CURRENT_PROJECT_VERSION = 1;
				DEVELOPMENT_TEAM = D77H469HEK;
				GENERATE_INFOPLIST_FILE = YES;
				IPHONEOS_DEPLOYMENT_TARGET = 26.0;
				MARKETING_VERSION = 1.0;
				PRODUCT_BUNDLE_IDENTIFIER = bmm.ProfessionalPortfolioTests;
				PRODUCT_NAME = "$(TARGET_NAME)";
				STRING_CATALOG_GENERATE_SYMBOLS = NO;
				SWIFT_APPROACHABLE_CONCURRENCY = YES;
				SWIFT_EMIT_LOC_STRINGS = NO;
				SWIFT_UPCOMING_FEATURE_MEMBER_IMPORT_VISIBILITY = YES;
				SWIFT_VERSION = 5.0;
				TARGETED_DEVICE_FAMILY = "1,2";
				TEST_HOST = "$(BUILT_PRODUCTS_DIR)/ProfessionalPortfolio.app/$(BUNDLE_EXECUTABLE_FOLDER_PATH)/ProfessionalPortfolio";
			};
			name = Release;
		};
		C4CE8A792EA6E43E00C8A3DF /* Debug */ = {
			isa = XCBuildConfiguration;
			buildSettings = {
				CODE_SIGN_STYLE = Automatic;
				CURRENT_PROJECT_VERSION = 1;
				DEVELOPMENT_TEAM = D77H469HEK;
				GENERATE_INFOPLIST_FILE = YES;
				MARKETING_VERSION = 1.0;
				PRODUCT_BUNDLE_IDENTIFIER = bmm.ProfessionalPortfolioUITests;
				PRODUCT_NAME = "$(TARGET_NAME)";
				STRING_CATALOG_GENERATE_SYMBOLS = NO;
				SWIFT_APPROACHABLE_CONCURRENCY = YES;
				SWIFT_EMIT_LOC_STRINGS = NO;
				SWIFT_UPCOMING_FEATURE_MEMBER_IMPORT_VISIBILITY = YES;
				SWIFT_VERSION = 5.0;
				TARGETED_DEVICE_FAMILY = "1,2";
				TEST_TARGET_NAME = ProfessionalPortfolio;
			};
			name = Debug;
		};
		C4CE8A7A2EA6E43E00C8A3DF /* Release */ = {
			isa = XCBuildConfiguration;
			buildSettings = {
				CODE_SIGN_STYLE = Automatic;
				CURRENT_PROJECT_VERSION = 1;
				DEVELOPMENT_TEAM = D77H469HEK;
				GENERATE_INFOPLIST_FILE = YES;
				MARKETING_VERSION = 1.0;
				PRODUCT_BUNDLE_IDENTIFIER = bmm.ProfessionalPortfolioUITests;
				PRODUCT_NAME = "$(TARGET_NAME)";
				STRING_CATALOG_GENERATE_SYMBOLS = NO;
				SWIFT_APPROACHABLE_CONCURRENCY = YES;
				SWIFT_EMIT_LOC_STRINGS = NO;
				SWIFT_UPCOMING_FEATURE_MEMBER_IMPORT_VISIBILITY = YES;
				SWIFT_VERSION = 5.0;
				TARGETED_DEVICE_FAMILY = "1,2";
				TEST_TARGET_NAME = ProfessionalPortfolio;
			};
			name = Release;
		};
/* End XCBuildConfiguration section */

/* Begin XCConfigurationList section */
		C4CE8A4A2EA6E43B00C8A3DF /* Build configuration list for PBXProject "ProfessionalPortfolio" */ = {
			isa = XCConfigurationList;
			buildConfigurations = (
				C4CE8A702EA6E43E00C8A3DF /* Debug */,
				C4CE8A712EA6E43E00C8A3DF /* Release */,
			);
			defaultConfigurationIsVisible = 0;
			defaultConfigurationName = Release;
		};
		C4CE8A722EA6E43E00C8A3DF /* Build configuration list for PBXNativeTarget "ProfessionalPortfolio" */ = {
			isa = XCConfigurationList;
			buildConfigurations = (
				C4CE8A732EA6E43E00C8A3DF /* Debug */,
				C4CE8A742EA6E43E00C8A3DF /* Release */,
			);
			defaultConfigurationIsVisible = 0;
			defaultConfigurationName = Release;
		};
		C4CE8A752EA6E43E00C8A3DF /* Build configuration list for PBXNativeTarget "ProfessionalPortfolioTests" */ = {
			isa = XCConfigurationList;
			buildConfigurations = (
				C4CE8A762EA6E43E00C8A3DF /* Debug */,
				C4CE8A772EA6E43E00C8A3DF /* Release */,
			);
			defaultConfigurationIsVisible = 0;
			defaultConfigurationName = Release;
		};
		C4CE8A782EA6E43E00C8A3DF /* Build configuration list for PBXNativeTarget "ProfessionalPortfolioUITests" */ = {
			isa = XCConfigurationList;
			buildConfigurations = (
				C4CE8A792EA6E43E00C8A3DF /* Debug */,
				C4CE8A7A2EA6E43E00C8A3DF /* Release */,
			);
			defaultConfigurationIsVisible = 0;
			defaultConfigurationName = Release;
		};
/* End XCConfigurationList section */

/* Begin XCRemoteSwiftPackageReference section */
		C4CBDA802EA9BBE80067E5B3 /* XCRemoteSwiftPackageReference "firebase-ios-sdk" */ = {
			isa = XCRemoteSwiftPackageReference;
			repositoryURL = "https://github.com/firebase/firebase-ios-sdk";
			requirement = {
				kind = upToNextMajorVersion;
				minimumVersion = 12.4.0;
			};
		};
/* End XCRemoteSwiftPackageReference section */

/* Begin XCSwiftPackageProductDependency section */
		C4CBDA812EA9BBE80067E5B3 /* FirebaseAuth */ = {
			isa = XCSwiftPackageProductDependency;
			package = C4CBDA802EA9BBE80067E5B3 /* XCRemoteSwiftPackageReference "firebase-ios-sdk" */;
			productName = FirebaseAuth;
		};
		C4CBDA832EA9BBE80067E5B3 /* FirebaseFirestore */ = {
			isa = XCSwiftPackageProductDependency;
			package = C4CBDA802EA9BBE80067E5B3 /* XCRemoteSwiftPackageReference "firebase-ios-sdk" */;
			productName = FirebaseFirestore;
		};
		C4CBDA852EA9BBE80067E5B3 /* FirebaseStorage */ = {
			isa = XCSwiftPackageProductDependency;
			package = C4CBDA802EA9BBE80067E5B3 /* XCRemoteSwiftPackageReference "firebase-ios-sdk" */;
			productName = FirebaseStorage;
		};
/* End XCSwiftPackageProductDependency section */
	};
	rootObject = C4CE8A472EA6E43B00C8A3DF /* Project object */;
}
